
Microsoft Visual Studio Solution File, Format Version 12.00
# Visual Studio Version 17
VisualStudioVersion = 17.3.32819.101
MinimumVisualStudioVersion = 10.0.40219.1
Project("{FAE04EC0-301F-11D3-BF4B-00C04F79EFBC}") = "eTickets", "eTickets\eTickets.csproj", "{2AC98CB9-6D1F-4897-B1B6-A5B8B9BD3B35}"
EndProject
Global
	GlobalSection(SolutionConfigurationPlatforms) = preSolution
		Debug|Any CPU = Debug|Any CPU
		Release|Any CPU = Release|Any CPU
	EndGlobalSection
	GlobalSection(ProjectConfigurationPlatforms) = postSolution
		{2AC98CB9-6D1F-4897-B1B6-A5B8B9BD3B35}.Debug|Any CPU.ActiveCfg = Debug|Any CPU
		{2AC98CB9-6D1F-4897-B1B6-A5B8B9BD3B35}.Debug|Any CPU.Build.0 = Debug|Any CPU
		{2AC98CB9-6D1F-4897-B1B6-A5B8B9BD3B35}.Release|Any CPU.ActiveCfg = Release|Any CPU
		{2AC98CB9-6D1F-4897-B1B6-A5B8B9BD3B35}.Release|Any CPU.Build.0 = Release|Any CPU
	EndGlobalSection
	GlobalSection(SolutionProperties) = preSolution
		HideSolutionNode = FALSE
	EndGlobalSection
	GlobalSection(ExtensibilityGlobals) = postSolution
		SolutionGuid = {C570FC76-E023-45CC-9F16-03D00EBAB7F3}
	EndGlobalSection
EndGlobal
